# This file is automatically @generated by Cargo.
# It is not intended for manual editing.
[[package]]
name = "blake2b-rs"
version = "0.2.0"
source = "registry+https://github.com/rust-lang/crates.io-index"
checksum = "a89a8565807f21b913288968e391819e7f9b2f0f46c7b89549c051cccf3a2771"
dependencies = [
 "cc",
 "cty",
]

[[package]]
name = "buddy-alloc"
version = "0.4.1"
source = "registry+https://github.com/rust-lang/crates.io-index"
checksum = "8ff9f338986406db85e2b5deb40a9255b796ca03a194c7457403d215173f3fd5"

[[package]]
name = "cc"
version = "1.0.67"
source = "registry+https://github.com/rust-lang/crates.io-index"
checksum = "e3c69b077ad434294d3ce9f1f6143a2a4b89a8a2d54ef813d85003a4fd1137fd"

[[package]]
name = "cfg-if"
version = "0.1.10"
source = "registry+https://github.com/rust-lang/crates.io-index"
checksum = "4785bdd1c96b2a846b2bd7cc02e86b6b3dbf14e7e53446c4f54c92a361040822"

[[package]]
name = "ckb-standalone-types"
version = "0.0.1-pre.1"
source = "registry+https://github.com/rust-lang/crates.io-index"
checksum = "af2cdbdf65ee5b1da71504f5a03d6984bce77d0b4b46daff63f4ba4a3b0eef08"
dependencies = [
 "cfg-if",
 "molecule",
]

[[package]]
name = "ckb-std"
version = "0.7.3"
source = "registry+https://github.com/rust-lang/crates.io-index"
checksum = "2f16c4f7efbf13f060dcd7a916f353936daf5eaccb411fcc255033eabde92155"
dependencies = [
 "buddy-alloc",
 "cc",
 "ckb-standalone-types",
]

[[package]]
name = "class-type"
version = "0.3.0"
dependencies = [
 "ckb-std",
 "script-utils",
]

[[package]]
name = "cty"
version = "0.2.1"
source = "registry+https://github.com/rust-lang/crates.io-index"
checksum = "7313c0d620d0cb4dbd9d019e461a4beb501071ff46ec0ab933efb4daa76d73e3"

[[package]]
name = "issuer-type"
version = "0.3.0"
dependencies = [
 "blake2b-rs",
 "ckb-std",
 "script-utils",
]

[[package]]
name = "molecule"
version = "0.6.1"
source = "registry+https://github.com/rust-lang/crates.io-index"
checksum = "3067ceba3d7f5dcc7427cfc584fc506e756f1161151032fec840455f5a3c2fd5"
dependencies = [
 "cfg-if",
]

[[package]]
name = "nft-type"
version = "0.3.0"
dependencies = [
 "ckb-std",
 "script-utils",
]

[[package]]
name = "script-utils"
version = "0.3.0"
dependencies = [
 "ckb-std",
]
